
Microsoft Visual Studio Solution File, Format Version 12.00
# Visual Studio 14
VisualStudioVersion = 14.0.25420.1
MinimumVisualStudioVersion = 10.0.40219.1
Project("{FAE04EC0-301F-11D3-BF4B-00C04F79EFBC}") = "prGlobal", "prGlobal\prGlobal.csproj", "{729B4820-DA80-49A0-950C-95A82C404179}"
EndProject
Project("{FAE04EC0-301F-11D3-BF4B-00C04F79EFBC}") = "prGraphiques", "prGraphiques\prGraphiques.csproj", "{6EBE8953-884C-4F68-862D-1F5DECBDA1F8}"
EndProject
Project("{FAE04EC0-301F-11D3-BF4B-00C04F79EFBC}") = "prChambre", "prChambre\prChambre.csproj", "{F1BCAFFC-9924-46C1-8755-76800E67E8A1}"
EndProject
Project("{FAE04EC0-301F-11D3-BF4B-00C04F79EFBC}") = "prArivee", "prArivee\prArivee.csproj", "{2E1A5E5D-3453-4149-83F8-8D9EED1D76B9}"
EndProject
Global
	GlobalSection(SolutionConfigurationPlatforms) = preSolution
		Debug|Any CPU = Debug|Any CPU
		Release|Any CPU = Release|Any CPU
	EndGlobalSection
	GlobalSection(ProjectConfigurationPlatforms) = postSolution
		{729B4820-DA80-49A0-950C-95A82C404179}.Debug|Any CPU.ActiveCfg = Debug|Any CPU
		{729B4820-DA80-49A0-950C-95A82C404179}.Debug|Any CPU.Build.0 = Debug|Any CPU
		{729B4820-DA80-49A0-950C-95A82C404179}.Release|Any CPU.ActiveCfg = Release|Any CPU
		{729B4820-DA80-49A0-950C-95A82C404179}.Release|Any CPU.Build.0 = Release|Any CPU
		{6EBE8953-884C-4F68-862D-1F5DECBDA1F8}.Debug|Any CPU.ActiveCfg = Debug|Any CPU
		{6EBE8953-884C-4F68-862D-1F5DECBDA1F8}.Debug|Any CPU.Build.0 = Debug|Any CPU
		{6EBE8953-884C-4F68-862D-1F5DECBDA1F8}.Release|Any CPU.ActiveCfg = Release|Any CPU
		{6EBE8953-884C-4F68-862D-1F5DECBDA1F8}.Release|Any CPU.Build.0 = Release|Any CPU
		{F1BCAFFC-9924-46C1-8755-76800E67E8A1}.Debug|Any CPU.ActiveCfg = Debug|Any CPU
		{F1BCAFFC-9924-46C1-8755-76800E67E8A1}.Debug|Any CPU.Build.0 = Debug|Any CPU
		{F1BCAFFC-9924-46C1-8755-76800E67E8A1}.Release|Any CPU.ActiveCfg = Release|Any CPU
		{F1BCAFFC-9924-46C1-8755-76800E67E8A1}.Release|Any CPU.Build.0 = Release|Any CPU
		{2E1A5E5D-3453-4149-83F8-8D9EED1D76B9}.Debug|Any CPU.ActiveCfg = Debug|Any CPU
		{2E1A5E5D-3453-4149-83F8-8D9EED1D76B9}.Debug|Any CPU.Build.0 = Debug|Any CPU
		{2E1A5E5D-3453-4149-83F8-8D9EED1D76B9}.Release|Any CPU.ActiveCfg = Release|Any CPU
		{2E1A5E5D-3453-4149-83F8-8D9EED1D76B9}.Release|Any CPU.Build.0 = Release|Any CPU
	EndGlobalSection
	GlobalSection(SolutionProperties) = preSolution
		HideSolutionNode = FALSE
	EndGlobalSection
EndGlobal
